
Microsoft Visual Studio Solution File, Format Version 12.00
# Visual Studio 15
VisualStudioVersion = 15.0.27428.2002
MinimumVisualStudioVersion = 10.0.40219.1
Project("{8BC9CEB8-8B4A-11D0-8D11-00A0C91BC942}") = "oss01", "oss01\oss01.vcxproj", "{D97CC5C6-BAC9-45AF-990F-156F396A2DEC}"
EndProject
Global
	GlobalSection(SolutionConfigurationPlatforms) = preSolution
		Debug|x64 = Debug|x64
		Debug|x86 = Debug|x86
		Release|x64 = Release|x64
		Release|x86 = Release|x86
	EndGlobalSection
	GlobalSection(ProjectConfigurationPlatforms) = postSolution
		{D97CC5C6-BAC9-45AF-990F-156F396A2DEC}.Debug|x64.ActiveCfg = Debug|x64
		{D97CC5C6-BAC9-45AF-990F-156F396A2DEC}.Debug|x64.Build.0 = Debug|x64
		{D97CC5C6-BAC9-45AF-990F-156F396A2DEC}.Debug|x86.ActiveCfg = Debug|Win32
		{D97CC5C6-BAC9-45AF-990F-156F396A2DEC}.Debug|x86.Build.0 = Debug|Win32
		{D97CC5C6-BAC9-45AF-990F-156F396A2DEC}.Release|x64.ActiveCfg = Release|x64
		{D97CC5C6-BAC9-45AF-990F-156F396A2DEC}.Release|x64.Build.0 = Release|x64
		{D97CC5C6-BAC9-45AF-990F-156F396A2DEC}.Release|x86.ActiveCfg = Release|Win32
		{D97CC5C6-BAC9-45AF-990F-156F396A2DEC}.Release|x86.Build.0 = Release|Win32
	EndGlobalSection
	GlobalSection(SolutionProperties) = preSolution
		HideSolutionNode = FALSE
	EndGlobalSection
	GlobalSection(ExtensibilityGlobals) = postSolution
		SolutionGuid = {8766F6B9-4D25-4432-B64A-068180B702CB}
	EndGlobalSection
EndGlobal
